{
  "requires": true,
  "lockfileVersion": 1,
  "dependencies": {
    "angular-simple-slideshow": {
      "version": "0.0.3",
      "resolved": "https://registry.npmjs.org/angular-simple-slideshow/-/angular-simple-slideshow-0.0.3.tgz",
      "integrity": "sha1-8xM4Qr6Yg4rRIy+NczUQ3JkTR4w="
    },
    "angular-ui-bootstrap": {
      "version": "2.5.6",
      "resolved": "https://registry.npmjs.org/angular-ui-bootstrap/-/angular-ui-bootstrap-2.5.6.tgz",
      "integrity": "sha512-yzcHpPMLQl0232nDzm5P4iAFTFQ9dMw0QgFLuKYbDj9M0xJ62z0oudYD/Lvh1pWfRsukiytP4Xj6BHOSrSXP8A=="
    }
  }
}
